// !$*UTF8*$!
{
	archiveVersion = 1;
	classes = {
	};
	objectVersion = 56;
	objects = {

/* Begin PBXBuildFile section */
		853BC63A2C002F6000B80186 /* SimplyChatApp.swift in Sources */ = {isa = PBXBuildFile; fileRef = 853BC6392C002F6000B80186 /* SimplyChatApp.swift */; };
		853BC63C2C002F6000B80186 /* ContentView.swift in Sources */ = {isa = PBXBuildFile; fileRef = 853BC63B2C002F6000B80186 /* ContentView.swift */; };
		853BC63E2C002F6100B80186 /* Assets.xcassets in Resources */ = {isa = PBXBuildFile; fileRef = 853BC63D2C002F6100B80186 /* Assets.xcassets */; };
		853BC6412C002F6100B80186 /* Preview Assets.xcassets in Resources */ = {isa = PBXBuildFile; fileRef = 853BC6402C002F6100B80186 /* Preview Assets.xcassets */; };
		853BC6672C00ADBB00B80186 /* TitleRow.swift in Sources */ = {isa = PBXBuildFile; fileRef = 853BC6662C00ADBB00B80186 /* TitleRow.swift */; };
		853BC66A2C00BBBF00B80186 /* Message.swift in Sources */ = {isa = PBXBuildFile; fileRef = 853BC6692C00BBBF00B80186 /* Message.swift */; };
		853BC66C2C00BC2200B80186 /* MessageBubble.swift in Sources */ = {isa = PBXBuildFile; fileRef = 853BC66B2C00BC2200B80186 /* MessageBubble.swift */; };
		853BC66E2C01071C00B80186 /* Extensions.swift in Sources */ = {isa = PBXBuildFile; fileRef = 853BC66D2C01071C00B80186 /* Extensions.swift */; };
		853BC6702C0107E100B80186 /* MessageField.swift in Sources */ = {isa = PBXBuildFile; fileRef = 853BC66F2C0107E100B80186 /* MessageField.swift */; };
		85C9A47A2C30DF64009BDCE9 /* GoogleService-Info.plist in Resources */ = {isa = PBXBuildFile; fileRef = 85C9A4792C30DF64009BDCE9 /* GoogleService-Info.plist */; };
		85C9A47D2C30DFBF009BDCE9 /* FirebaseFirestore in Frameworks */ = {isa = PBXBuildFile; productRef = 85C9A47C2C30DFBF009BDCE9 /* FirebaseFirestore */; };
		85C9A47F2C30DFBF009BDCE9 /* FirebaseFirestoreSwift in Frameworks */ = {isa = PBXBuildFile; productRef = 85C9A47E2C30DFBF009BDCE9 /* FirebaseFirestoreSwift */; };
/* End PBXBuildFile section */

/* Begin PBXFileReference section */
		853BC6362C002F6000B80186 /* SimplyChat.app */ = {isa = PBXFileReference; explicitFileType = wrapper.application; includeInIndex = 0; path = SimplyChat.app; sourceTree = BUILT_PRODUCTS_DIR; };
		853BC6392C002F6000B80186 /* SimplyChatApp.swift */ = {isa = PBXFileReference; lastKnownFileType = sourcecode.swift; path = SimplyChatApp.swift; sourceTree = "<group>"; };
		853BC63B2C002F6000B80186 /* ContentView.swift */ = {isa = PBXFileReference; lastKnownFileType = sourcecode.swift; path = ContentView.swift; sourceTree = "<group>"; };
		853BC63D2C002F6100B80186 /* Assets.xcassets */ = {isa = PBXFileReference; lastKnownFileType = folder.assetcatalog; path = Assets.xcassets; sourceTree = "<group>"; };
		853BC6402C002F6100B80186 /* Preview Assets.xcassets */ = {isa = PBXFileReference; lastKnownFileType = folder.assetcatalog; path = "Preview Assets.xcassets"; sourceTree = "<group>"; };
		853BC6662C00ADBB00B80186 /* TitleRow.swift */ = {isa = PBXFileReference; lastKnownFileType = sourcecode.swift; path = TitleRow.swift; sourceTree = "<group>"; };
		853BC6692C00BBBF00B80186 /* Message.swift */ = {isa = PBXFileReference; lastKnownFileType = sourcecode.swift; path = Message.swift; sourceTree = "<group>"; };
		853BC66B2C00BC2200B80186 /* MessageBubble.swift */ = {isa = PBXFileReference; lastKnownFileType = sourcecode.swift; path = MessageBubble.swift; sourceTree = "<group>"; };
		853BC66D2C01071C00B80186 /* Extensions.swift */ = {isa = PBXFileReference; lastKnownFileType = sourcecode.swift; path = Extensions.swift; sourceTree = "<group>"; };
		853BC66F2C0107E100B80186 /* MessageField.swift */ = {isa = PBXFileReference; lastKnownFileType = sourcecode.swift; path = MessageField.swift; sourceTree = "<group>"; };
		85C9A4792C30DF64009BDCE9 /* GoogleService-Info.plist */ = {isa = PBXFileReference; fileEncoding = 4; lastKnownFileType = text.plist.xml; path = "GoogleService-Info.plist"; sourceTree = "<group>"; };
/* End PBXFileReference section */

/* Begin PBXFrameworksBuildPhase section */
		853BC6332C002F6000B80186 /* Frameworks */ = {
			isa = PBXFrameworksBuildPhase;
			buildActionMask = 2147483647;
			files = (
				85C9A47D2C30DFBF009BDCE9 /* FirebaseFirestore in Frameworks */,
				85C9A47F2C30DFBF009BDCE9 /* FirebaseFirestoreSwift in Frameworks */,
			);
			runOnlyForDeploymentPostprocessing = 0;
		};
/* End PBXFrameworksBuildPhase section */

/* Begin PBXGroup section */
		853BC62D2C002F6000B80186 = {
			isa = PBXGroup;
			children = (
				853BC6382C002F6000B80186 /* SimplyChat */,
				853BC6372C002F6000B80186 /* Products */,
			);
			sourceTree = "<group>";
		};
		853BC6372C002F6000B80186 /* Products */ = {
			isa = PBXGroup;
			children = (
				853BC6362C002F6000B80186 /* SimplyChat.app */,
			);
			name = Products;
			sourceTree = "<group>";
		};
		853BC6382C002F6000B80186 /* SimplyChat */ = {
			isa = PBXGroup;
			children = (
				85C9A4792C30DF64009BDCE9 /* GoogleService-Info.plist */,
				853BC6392C002F6000B80186 /* SimplyChatApp.swift */,
				853BC63B2C002F6000B80186 /* ContentView.swift */,
				853BC6682C00BBAE00B80186 /* Models */,
				853BC6632C00AA5600B80186 /* Components */,
				853BC63D2C002F6100B80186 /* Assets.xcassets */,
				853BC63F2C002F6100B80186 /* Preview Content */,
				853BC66D2C01071C00B80186 /* Extensions.swift */,
			);
			path = SimplyChat;
			sourceTree = "<group>";
		};
		853BC63F2C002F6100B80186 /* Preview Content */ = {
			isa = PBXGroup;
			children = (
				853BC6402C002F6100B80186 /* Preview Assets.xcassets */,
			);
			path = "Preview Content";
			sourceTree = "<group>";
		};
		853BC6632C00AA5600B80186 /* Components */ = {
			isa = PBXGroup;
			children = (
				853BC6662C00ADBB00B80186 /* TitleRow.swift */,
				853BC66B2C00BC2200B80186 /* MessageBubble.swift */,
				853BC66F2C0107E100B80186 /* MessageField.swift */,
			);
			path = Components;
			sourceTree = "<group>";
		};
		853BC6682C00BBAE00B80186 /* Models */ = {
			isa = PBXGroup;
			children = (
				853BC6692C00BBBF00B80186 /* Message.swift */,
			);
			path = Models;
			sourceTree = "<group>";
		};
/* End PBXGroup section */

/* Begin PBXNativeTarget section */
		853BC6352C002F6000B80186 /* SimplyChat */ = {
			isa = PBXNativeTarget;
			buildConfigurationList = 853BC65A2C002F6100B80186 /* Build configuration list for PBXNativeTarget "SimplyChat" */;
			buildPhases = (
				853BC6322C002F6000B80186 /* Sources */,
				853BC6332C002F6000B80186 /* Frameworks */,
				853BC6342C002F6000B80186 /* Resources */,
			);
			buildRules = (
			);
			dependencies = (
			);
			name = SimplyChat;
			packageProductDependencies = (
				85C9A47C2C30DFBF009BDCE9 /* FirebaseFirestore */,
				85C9A47E2C30DFBF009BDCE9 /* FirebaseFirestoreSwift */,
			);
			productName = SimplyChat;
			productReference = 853BC6362C002F6000B80186 /* SimplyChat.app */;
			productType = "com.apple.product-type.application";
		};
/* End PBXNativeTarget section */

/* Begin PBXProject section */
		853BC62E2C002F6000B80186 /* Project object */ = {
			isa = PBXProject;
			attributes = {
				BuildIndependentTargetsInParallel = 1;
				LastSwiftUpdateCheck = 1540;
				LastUpgradeCheck = 1540;
				TargetAttributes = {
					853BC6352C002F6000B80186 = {
						CreatedOnToolsVersion = 15.4;
					};
				};
			};
			buildConfigurationList = 853BC6312C002F6000B80186 /* Build configuration list for PBXProject "SimplyChat" */;
			compatibilityVersion = "Xcode 14.0";
			developmentRegion = en;
			hasScannedForEncodings = 0;
			knownRegions = (
				en,
				Base,
			);
			mainGroup = 853BC62D2C002F6000B80186;
			packageReferences = (
				85C9A47B2C30DFBF009BDCE9 /* XCRemoteSwiftPackageReference "firebase-ios-sdk" */,
			);
			productRefGroup = 853BC6372C002F6000B80186 /* Products */;
			projectDirPath = "";
			projectRoot = "";
			targets = (
				853BC6352C002F6000B80186 /* SimplyChat */,
			);
		};
/* End PBXProject section */

/* Begin PBXResourcesBuildPhase section */
		853BC6342C002F6000B80186 /* Resources */ = {
			isa = PBXResourcesBuildPhase;
			buildActionMask = 2147483647;
			files = (
				853BC6412C002F6100B80186 /* Preview Assets.xcassets in Resources */,
				853BC63E2C002F6100B80186 /* Assets.xcassets in Resources */,
				85C9A47A2C30DF64009BDCE9 /* GoogleService-Info.plist in Resources */,
			);
			runOnlyForDeploymentPostprocessing = 0;
		};
/* End PBXResourcesBuildPhase section */

/* Begin PBXSourcesBuildPhase section */
		853BC6322C002F6000B80186 /* Sources */ = {
			isa = PBXSourcesBuildPhase;
			buildActionMask = 2147483647;
			files = (
				853BC63C2C002F6000B80186 /* ContentView.swift in Sources */,
				853BC66E2C01071C00B80186 /* Extensions.swift in Sources */,
				853BC66A2C00BBBF00B80186 /* Message.swift in Sources */,
				853BC6702C0107E100B80186 /* MessageField.swift in Sources */,
				853BC66C2C00BC2200B80186 /* MessageBubble.swift in Sources */,
				853BC63A2C002F6000B80186 /* SimplyChatApp.swift in Sources */,
				853BC6672C00ADBB00B80186 /* TitleRow.swift in Sources */,
			);
			runOnlyForDeploymentPostprocessing = 0;
		};
/* End PBXSourcesBuildPhase section */

/* Begin XCBuildConfiguration section */
		853BC6582C002F6100B80186 /* Debug */ = {
			isa = XCBuildConfiguration;
			buildSettings = {
				ALWAYS_SEARCH_USER_PATHS = NO;
				ASSETCATALOG_COMPILER_GENERATE_SWIFT_ASSET_SYMBOL_EXTENSIONS = YES;
				CLANG_ANALYZER_NONNULL = YES;
				CLANG_ANALYZER_NUMBER_OBJECT_CONVERSION = YES_AGGRESSIVE;
				CLANG_CXX_LANGUAGE_STANDARD = "gnu++20";
				CLANG_ENABLE_MODULES = YES;
				CLANG_ENABLE_OBJC_ARC = YES;
				CLANG_ENABLE_OBJC_WEAK = YES;
				CLANG_WARN_BLOCK_CAPTURE_AUTORELEASING = YES;
				CLANG_WARN_BOOL_CONVERSION = YES;
				CLANG_WARN_COMMA = YES;
				CLANG_WARN_CONSTANT_CONVERSION = YES;
				CLANG_WARN_DEPRECATED_OBJC_IMPLEMENTATIONS = YES;
				CLANG_WARN_DIRECT_OBJC_ISA_USAGE = YES_ERROR;
				CLANG_WARN_DOCUMENTATION_COMMENTS = YES;
				CLANG_WARN_EMPTY_BODY = YES;
				CLANG_WARN_ENUM_CONVERSION = YES;
				CLANG_WARN_INFINITE_RECURSION = YES;
				CLANG_WARN_INT_CONVERSION = YES;
				CLANG_WARN_NON_LITERAL_NULL_CONVERSION = YES;
				CLANG_WARN_OBJC_IMPLICIT_RETAIN_SELF = YES;
				CLANG_WARN_OBJC_LITERAL_CONVERSION = YES;
				CLANG_WARN_OBJC_ROOT_CLASS = YES_ERROR;
				CLANG_WARN_QUOTED_INCLUDE_IN_FRAMEWORK_HEADER = YES;
				CLANG_WARN_RANGE_LOOP_ANALYSIS = YES;
				CLANG_WARN_STRICT_PROTOTYPES = YES;
				CLANG_WARN_SUSPICIOUS_MOVE = YES;
				CLANG_WARN_UNGUARDED_AVAILABILITY = YES_AGGRESSIVE;
				CLANG_WARN_UNREACHABLE_CODE = YES;
				CLANG_WARN__DUPLICATE_METHOD_MATCH = YES;
				COPY_PHASE_STRIP = NO;
				DEBUG_INFORMATION_FORMAT = dwarf;
				ENABLE_STRICT_OBJC_MSGSEND = YES;
				ENABLE_TESTABILITY = YES;
				ENABLE_USER_SCRIPT_SANDBOXING = YES;
				GCC_C_LANGUAGE_STANDARD = gnu17;
				GCC_DYNAMIC_NO_PIC = NO;
				GCC_NO_COMMON_BLOCKS = YES;
				GCC_OPTIMIZATION_LEVEL = 0;
				GCC_PREPROCESSOR_DEFINITIONS = (
					"DEBUG=1",
					"$(inherited)",
				);
				GCC_WARN_64_TO_32_BIT_CONVERSION = YES;
				GCC_WARN_ABOUT_RETURN_TYPE = YES_ERROR;
				GCC_WARN_UNDECLARED_SELECTOR = YES;
				GCC_WARN_UNINITIALIZED_AUTOS = YES_AGGRESSIVE;
				GCC_WARN_UNUSED_FUNCTION = YES;
				GCC_WARN_UNUSED_VARIABLE = YES;
				IPHONEOS_DEPLOYMENT_TARGET = 17.5;
				LOCALIZATION_PREFERS_STRING_CATALOGS = YES;
				MTL_ENABLE_DEBUG_INFO = INCLUDE_SOURCE;
				MTL_FAST_MATH = YES;
				ONLY_ACTIVE_ARCH = YES;
				SDKROOT = iphoneos;
				SWIFT_ACTIVE_COMPILATION_CONDITIONS = "DEBUG $(inherited)";
				SWIFT_OPTIMIZATION_LEVEL = "-Onone";
			};
			name = Debug;
		};
		853BC6592C002F6100B80186 /* Release */ = {
			isa = XCBuildConfiguration;
			buildSettings = {
				ALWAYS_SEARCH_USER_PATHS = NO;
				ASSETCATALOG_COMPILER_GENERATE_SWIFT_ASSET_SYMBOL_EXTENSIONS = YES;
				CLANG_ANALYZER_NONNULL = YES;
				CLANG_ANALYZER_NUMBER_OBJECT_CONVERSION = YES_AGGRESSIVE;
				CLANG_CXX_LANGUAGE_STANDARD = "gnu++20";
				CLANG_ENABLE_MODULES = YES;
				CLANG_ENABLE_OBJC_ARC = YES;
				CLANG_ENABLE_OBJC_WEAK = YES;
				CLANG_WARN_BLOCK_CAPTURE_AUTORELEASING = YES;
				CLANG_WARN_BOOL_CONVERSION = YES;
				CLANG_WARN_COMMA = YES;
				CLANG_WARN_CONSTANT_CONVERSION = YES;
				CLANG_WARN_DEPRECATED_OBJC_IMPLEMENTATIONS = YES;
				CLANG_WARN_DIRECT_OBJC_ISA_USAGE = YES_ERROR;
				CLANG_WARN_DOCUMENTATION_COMMENTS = YES;
				CLANG_WARN_EMPTY_BODY = YES;
				CLANG_WARN_ENUM_CONVERSION = YES;
				CLANG_WARN_INFINITE_RECURSION = YES;
				CLANG_WARN_INT_CONVERSION = YES;
				CLANG_WARN_NON_LITERAL_NULL_CONVERSION = YES;
				CLANG_WARN_OBJC_IMPLICIT_RETAIN_SELF = YES;
				CLANG_WARN_OBJC_LITERAL_CONVERSION = YES;
				CLANG_WARN_OBJC_ROOT_CLASS = YES_ERROR;
				CLANG_WARN_QUOTED_INCLUDE_IN_FRAMEWORK_HEADER = YES;
				CLANG_WARN_RANGE_LOOP_ANALYSIS = YES;
				CLANG_WARN_STRICT_PROTOTYPES = YES;
				CLANG_WARN_SUSPICIOUS_MOVE = YES;
				CLANG_WARN_UNGUARDED_AVAILABILITY = YES_AGGRESSIVE;
				CLANG_WARN_UNREACHABLE_CODE = YES;
				CLANG_WARN__DUPLICATE_METHOD_MATCH = YES;
				COPY_PHASE_STRIP = NO;
				DEBUG_INFORMATION_FORMAT = "dwarf-with-dsym";
				ENABLE_NS_ASSERTIONS = NO;
				ENABLE_STRICT_OBJC_MSGSEND = YES;
				ENABLE_USER_SCRIPT_SANDBOXING = YES;
				GCC_C_LANGUAGE_STANDARD = gnu17;
				GCC_NO_COMMON_BLOCKS = YES;
				GCC_WARN_64_TO_32_BIT_CONVERSION = YES;
				GCC_WARN_ABOUT_RETURN_TYPE = YES_ERROR;
				GCC_WARN_UNDECLARED_SELECTOR = YES;
				GCC_WARN_UNINITIALIZED_AUTOS = YES_AGGRESSIVE;
				GCC_WARN_UNUSED_FUNCTION = YES;
				GCC_WARN_UNUSED_VARIABLE = YES;
				IPHONEOS_DEPLOYMENT_TARGET = 17.5;
				LOCALIZATION_PREFERS_STRING_CATALOGS = YES;
				MTL_ENABLE_DEBUG_INFO = NO;
				MTL_FAST_MATH = YES;
				SDKROOT = iphoneos;
				SWIFT_COMPILATION_MODE = wholemodule;
				VALIDATE_PRODUCT = YES;
			};
			name = Release;
		};
		853BC65B2C002F6100B80186 /* Debug */ = {
			isa = XCBuildConfiguration;
			buildSettings = {
				ASSETCATALOG_COMPILER_APPICON_NAME = AppIcon;
				ASSETCATALOG_COMPILER_GLOBAL_ACCENT_COLOR_NAME = AccentColor;
				CODE_SIGN_STYLE = Automatic;
				CURRENT_PROJECT_VERSION = 1;
				DEVELOPMENT_ASSET_PATHS = "\"SimplyChat/Preview Content\"";
				DEVELOPMENT_TEAM = J5NW26ADGW;
				ENABLE_PREVIEWS = YES;
				GENERATE_INFOPLIST_FILE = YES;
				INFOPLIST_KEY_UIApplicationSceneManifest_Generation = YES;
				INFOPLIST_KEY_UIApplicationSupportsIndirectInputEvents = YES;
				INFOPLIST_KEY_UILaunchScreen_Generation = YES;
				INFOPLIST_KEY_UISupportedInterfaceOrientations_iPad = "UIInterfaceOrientationPortrait UIInterfaceOrientationPortraitUpsideDown UIInterfaceOrientationLandscapeLeft UIInterfaceOrientationLandscapeRight";
				INFOPLIST_KEY_UISupportedInterfaceOrientations_iPhone = "UIInterfaceOrientationPortrait UIInterfaceOrientationLandscapeLeft UIInterfaceOrientationLandscapeRight";
				LD_RUNPATH_SEARCH_PATHS = (
					"$(inherited)",
					"@executable_path/Frameworks",
				);
				MARKETING_VERSION = 1.0;
				PRODUCT_BUNDLE_IDENTIFIER = com.kyleanthonyhay.SimplyChat;
				PRODUCT_NAME = "$(TARGET_NAME)";
				SWIFT_EMIT_LOC_STRINGS = YES;
				SWIFT_VERSION = 5.0;
				TARGETED_DEVICE_FAMILY = "1,2";
			};
			name = Debug;
		};
		853BC65C2C002F6100B80186 /* Release */ = {
			isa = XCBuildConfiguration;
			buildSettings = {
				ASSETCATALOG_COMPILER_APPICON_NAME = AppIcon;
				ASSETCATALOG_COMPILER_GLOBAL_ACCENT_COLOR_NAME = AccentColor;
				CODE_SIGN_STYLE = Automatic;
				CURRENT_PROJECT_VERSION = 1;
				DEVELOPMENT_ASSET_PATHS = "\"SimplyChat/Preview Content\"";
				DEVELOPMENT_TEAM = J5NW26ADGW;
				ENABLE_PREVIEWS = YES;
				GENERATE_INFOPLIST_FILE = YES;
				INFOPLIST_KEY_UIApplicationSceneManifest_Generation = YES;
				INFOPLIST_KEY_UIApplicationSupportsIndirectInputEvents = YES;
				INFOPLIST_KEY_UILaunchScreen_Generation = YES;
				INFOPLIST_KEY_UISupportedInterfaceOrientations_iPad = "UIInterfaceOrientationPortrait UIInterfaceOrientationPortraitUpsideDown UIInterfaceOrientationLandscapeLeft UIInterfaceOrientationLandscapeRight";
				INFOPLIST_KEY_UISupportedInterfaceOrientations_iPhone = "UIInterfaceOrientationPortrait UIInterfaceOrientationLandscapeLeft UIInterfaceOrientationLandscapeRight";
				LD_RUNPATH_SEARCH_PATHS = (
					"$(inherited)",
					"@executable_path/Frameworks",
				);
				MARKETING_VERSION = 1.0;
				PRODUCT_BUNDLE_IDENTIFIER = com.kyleanthonyhay.SimplyChat;
				PRODUCT_NAME = "$(TARGET_NAME)";
				SWIFT_EMIT_LOC_STRINGS = YES;
				SWIFT_VERSION = 5.0;
				TARGETED_DEVICE_FAMILY = "1,2";
			};
			name = Release;
		};
/* End XCBuildConfiguration section */

/* Begin XCConfigurationList section */
		853BC6312C002F6000B80186 /* Build configuration list for PBXProject "SimplyChat" */ = {
			isa = XCConfigurationList;
			buildConfigurations = (
				853BC6582C002F6100B80186 /* Debug */,
				853BC6592C002F6100B80186 /* Release */,
			);
			defaultConfigurationIsVisible = 0;
			defaultConfigurationName = Release;
		};
		853BC65A2C002F6100B80186 /* Build configuration list for PBXNativeTarget "SimplyChat" */ = {
			isa = XCConfigurationList;
			buildConfigurations = (
				853BC65B2C002F6100B80186 /* Debug */,
				853BC65C2C002F6100B80186 /* Release */,
			);
			defaultConfigurationIsVisible = 0;
			defaultConfigurationName = Release;
		};
/* End XCConfigurationList section */

/* Begin XCRemoteSwiftPackageReference section */
		85C9A47B2C30DFBF009BDCE9 /* XCRemoteSwiftPackageReference "firebase-ios-sdk" */ = {
			isa = XCRemoteSwiftPackageReference;
			repositoryURL = "https://github.com/firebase/firebase-ios-sdk";
			requirement = {
				kind = upToNextMajorVersion;
				minimumVersion = 10.28.1;
			};
		};
/* End XCRemoteSwiftPackageReference section */

/* Begin XCSwiftPackageProductDependency section */
		85C9A47C2C30DFBF009BDCE9 /* FirebaseFirestore */ = {
			isa = XCSwiftPackageProductDependency;
			package = 85C9A47B2C30DFBF009BDCE9 /* XCRemoteSwiftPackageReference "firebase-ios-sdk" */;
			productName = FirebaseFirestore;
		};
		85C9A47E2C30DFBF009BDCE9 /* FirebaseFirestoreSwift */ = {
			isa = XCSwiftPackageProductDependency;
			package = 85C9A47B2C30DFBF009BDCE9 /* XCRemoteSwiftPackageReference "firebase-ios-sdk" */;
			productName = FirebaseFirestoreSwift;
		};
/* End XCSwiftPackageProductDependency section */
	};
	rootObject = 853BC62E2C002F6000B80186 /* Project object */;
}
